// !$*UTF8*$!
{
	archiveVersion = 1;
	classes = {
	};
	objectVersion = 46;
	objects = {

/* Begin PBXBuildFile section */
		3A27D157191A946D005A18CE /* fondo.jpg in Resources */ = {isa = PBXBuildFile; fileRef = 3A27D156191A946D005A18CE /* fondo.jpg */; };
		4504C9EC18FC7294005199DA /* ListaImagenesTableViewController.m in Sources */ = {isa = PBXBuildFile; fileRef = 4504C9EB18FC7294005199DA /* ListaImagenesTableViewController.m */; };
		4504C9EF18FC7A5E005199DA /* Modelo.xcdatamodeld in Sources */ = {isa = PBXBuildFile; fileRef = 4504C9ED18FC7A5E005199DA /* Modelo.xcdatamodeld */; };
		4504C9F218FC7BBA005199DA /* Usuario.m in Sources */ = {isa = PBXBuildFile; fileRef = 4504C9F118FC7BBA005199DA /* Usuario.m */; };
		4504C9F518FC7BC9005199DA /* ManejoBD.m in Sources */ = {isa = PBXBuildFile; fileRef = 4504C9F418FC7BC9005199DA /* ManejoBD.m */; };
		450B9CC519033BED00D995E4 /* ListaVideosTableViewController.m in Sources */ = {isa = PBXBuildFile; fileRef = 450B9CC419033BED00D995E4 /* ListaVideosTableViewController.m */; };
		450B9CC819033C4B00D995E4 /* ListaConsejosTableViewController.m in Sources */ = {isa = PBXBuildFile; fileRef = 450B9CC719033C4B00D995E4 /* ListaConsejosTableViewController.m */; };
		4583002718EBE4A300D1EA19 /* CanvasViewController.m in Sources */ = {isa = PBXBuildFile; fileRef = 4583002618EBE4A300D1EA19 /* CanvasViewController.m */; };
		458778DC18E650D900172D6D /* MenuViewController.m in Sources */ = {isa = PBXBuildFile; fileRef = 458778DB18E650D900172D6D /* MenuViewController.m */; };
		458778E018E6514300172D6D /* MedallasViewController.m in Sources */ = {isa = PBXBuildFile; fileRef = 458778DF18E6514300172D6D /* MedallasViewController.m */; };
		458778E318E6514D00172D6D /* PatrocinadoresViewController.m in Sources */ = {isa = PBXBuildFile; fileRef = 458778E218E6514D00172D6D /* PatrocinadoresViewController.m */; };
		458778E618E6515600172D6D /* ConsejosViewController.m in Sources */ = {isa = PBXBuildFile; fileRef = 458778E518E6515600172D6D /* ConsejosViewController.m */; };
		458778E918E6515D00172D6D /* VideosViewController.m in Sources */ = {isa = PBXBuildFile; fileRef = 458778E818E6515D00172D6D /* VideosViewController.m */; };
		458778F418E651DF00172D6D /* ActividadesViewController.m in Sources */ = {isa = PBXBuildFile; fileRef = 458778F318E651DF00172D6D /* ActividadesViewController.m */; };
		458778F718E658E500172D6D /* white.png in Resources */ = {isa = PBXBuildFile; fileRef = 458778F618E658E500172D6D /* white.png */; };
		458778F918E658FA00172D6D /* m-01.png in Resources */ = {isa = PBXBuildFile; fileRef = 458778F818E658FA00172D6D /* m-01.png */; };
		458778FB18E6593D00172D6D /* canvas.png in Resources */ = {isa = PBXBuildFile; fileRef = 458778FA18E6593D00172D6D /* canvas.png */; };
		458778FF18E65BF100172D6D /* logo.png in Resources */ = {isa = PBXBuildFile; fileRef = 458778FE18E65BF100172D6D /* logo.png */; };
		4587790118E65C3400172D6D /* grass.png in Resources */ = {isa = PBXBuildFile; fileRef = 4587790018E65C3400172D6D /* grass.png */; };
		4587790318E65D1000172D6D /* sponsors.png in Resources */ = {isa = PBXBuildFile; fileRef = 4587790218E65D1000172D6D /* sponsors.png */; };
		4587790518E6676A00172D6D /* sponsors_icon.png in Resources */ = {isa = PBXBuildFile; fileRef = 4587790418E6676A00172D6D /* sponsors_icon.png */; };
		459745B4191704AF007E57C5 /* mono_renovables.png in Resources */ = {isa = PBXBuildFile; fileRef = 459745B3191704AF007E57C5 /* mono_renovables.png */; };
		459745B719170777007E57C5 /* fondo_renovables.png in Resources */ = {isa = PBXBuildFile; fileRef = 459745B619170777007E57C5 /* fondo_renovables.png */; };
		459745BB19174154007E57C5 /* fondo_agua.jpg in Resources */ = {isa = PBXBuildFile; fileRef = 459745B819174154007E57C5 /* fondo_agua.jpg */; };
		459745BC19174154007E57C5 /* fondo_reciclaje.jpg in Resources */ = {isa = PBXBuildFile; fileRef = 459745B919174154007E57C5 /* fondo_reciclaje.jpg */; };
		459745BD19174154007E57C5 /* fondo_biodiversidad.png in Resources */ = {isa = PBXBuildFile; fileRef = 459745BA19174154007E57C5 /* fondo_biodiversidad.png */; };
		45BE90ED19184C09003FD6A9 /* MediaPlayer.framework in Frameworks */ = {isa = PBXBuildFile; fileRef = 45BE90EC19184C09003FD6A9 /* MediaPlayer.framework */; };
		45BE90EF19184C68003FD6A9 /* AVFoundation.framework in Frameworks */ = {isa = PBXBuildFile; fileRef = 45BE90EE19184C68003FD6A9 /* AVFoundation.framework */; };
		45BE90F419186525003FD6A9 /* back_music.mp3 in Resources */ = {isa = PBXBuildFile; fileRef = 45BE90F319186525003FD6A9 /* back_music.mp3 */; };
		45D3C3D71905E75B00D75D37 /* Social.framework in Frameworks */ = {isa = PBXBuildFile; fileRef = 45D3C3D61905E75B00D75D37 /* Social.framework */; };
		45E3790A1915654A002F0DAD /* facebook30.png in Resources */ = {isa = PBXBuildFile; fileRef = 45E379091915654A002F0DAD /* facebook30.png */; };
		45E3790C1915663D002F0DAD /* twitter30.png in Resources */ = {isa = PBXBuildFile; fileRef = 45E3790B1915663D002F0DAD /* twitter30.png */; };
		45E3790E19156641002F0DAD /* save30.png in Resources */ = {isa = PBXBuildFile; fileRef = 45E3790D19156641002F0DAD /* save30.png */; };
		B012B71218E483B400CBC901 /* Foundation.framework in Frameworks */ = {isa = PBXBuildFile; fileRef = B012B71118E483B400CBC901 /* Foundation.framework */; };
		B012B71418E483B400CBC901 /* CoreGraphics.framework in Frameworks */ = {isa = PBXBuildFile; fileRef = B012B71318E483B400CBC901 /* CoreGraphics.framework */; };
		B012B71618E483B400CBC901 /* UIKit.framework in Frameworks */ = {isa = PBXBuildFile; fileRef = B012B71518E483B400CBC901 /* UIKit.framework */; };
		B012B71818E483B400CBC901 /* CoreData.framework in Frameworks */ = {isa = PBXBuildFile; fileRef = B012B71718E483B400CBC901 /* CoreData.framework */; };
		B012B71E18E483B400CBC901 /* InfoPlist.strings in Resources */ = {isa = PBXBuildFile; fileRef = B012B71C18E483B400CBC901 /* InfoPlist.strings */; };
		B012B72018E483B400CBC901 /* main.m in Sources */ = {isa = PBXBuildFile; fileRef = B012B71F18E483B400CBC901 /* main.m */; };
		B012B72418E483B400CBC901 /* AppDelegate.m in Sources */ = {isa = PBXBuildFile; fileRef = B012B72318E483B400CBC901 /* AppDelegate.m */; };
		B012B72918E483B400CBC901 /* Images.xcassets in Resources */ = {isa = PBXBuildFile; fileRef = B012B72818E483B400CBC901 /* Images.xcassets */; };
		B012B73018E483B500CBC901 /* XCTest.framework in Frameworks */ = {isa = PBXBuildFile; fileRef = B012B72F18E483B500CBC901 /* XCTest.framework */; };
		B012B73118E483B500CBC901 /* Foundation.framework in Frameworks */ = {isa = PBXBuildFile; fileRef = B012B71118E483B400CBC901 /* Foundation.framework */; };
		B012B73218E483B500CBC901 /* UIKit.framework in Frameworks */ = {isa = PBXBuildFile; fileRef = B012B71518E483B400CBC901 /* UIKit.framework */; };
		B012B73318E483B500CBC901 /* CoreData.framework in Frameworks */ = {isa = PBXBuildFile; fileRef = B012B71718E483B400CBC901 /* CoreData.framework */; };
		B012B73B18E483B500CBC901 /* InfoPlist.strings in Resources */ = {isa = PBXBuildFile; fileRef = B012B73918E483B500CBC901 /* InfoPlist.strings */; };
		B012B73D18E483B500CBC901 /* CursoMovilTests.m in Sources */ = {isa = PBXBuildFile; fileRef = B012B73C18E483B500CBC901 /* CursoMovilTests.m */; };
		B012B74918E520FF00CBC901 /* Main.storyboard in Resources */ = {isa = PBXBuildFile; fileRef = B012B74818E520FF00CBC901 /* Main.storyboard */; };
		B012B75518E52DD400CBC901 /* m-02.png in Resources */ = {isa = PBXBuildFile; fileRef = B012B74A18E52DD400CBC901 /* m-02.png */; };
		B012B75618E52DD400CBC901 /* m-03.png in Resources */ = {isa = PBXBuildFile; fileRef = B012B74B18E52DD400CBC901 /* m-03.png */; };
		B012B75718E52DD400CBC901 /* m-04.png in Resources */ = {isa = PBXBuildFile; fileRef = B012B74C18E52DD400CBC901 /* m-04.png */; };
		B012B75818E52DD400CBC901 /* m-05.png in Resources */ = {isa = PBXBuildFile; fileRef = B012B74D18E52DD400CBC901 /* m-05.png */; };
		B012B75918E52DD400CBC901 /* m-06.png in Resources */ = {isa = PBXBuildFile; fileRef = B012B74E18E52DD400CBC901 /* m-06.png */; };
		B012B75A18E52DD400CBC901 /* m-08.png in Resources */ = {isa = PBXBuildFile; fileRef = B012B74F18E52DD400CBC901 /* m-08.png */; };
		B012B75B18E52DD400CBC901 /* m-09.png in Resources */ = {isa = PBXBuildFile; fileRef = B012B75018E52DD400CBC901 /* m-09.png */; };
		B012B75C18E52DD400CBC901 /* m-10.png in Resources */ = {isa = PBXBuildFile; fileRef = B012B75118E52DD400CBC901 /* m-10.png */; };
		B012B75D18E52DD400CBC901 /* m-11.png in Resources */ = {isa = PBXBuildFile; fileRef = B012B75218E52DD400CBC901 /* m-11.png */; };
		B012B75E18E52DD400CBC901 /* m-12.png in Resources */ = {isa = PBXBuildFile; fileRef = B012B75318E52DD400CBC901 /* m-12.png */; };
		B012B75F18E52DD400CBC901 /* m-13.png in Resources */ = {isa = PBXBuildFile; fileRef = B012B75418E52DD400CBC901 /* m-13.png */; };
		B012B76218E5352E00CBC901 /* m-07.png in Resources */ = {isa = PBXBuildFile; fileRef = B012B76118E5352E00CBC901 /* m-07.png */; };
		B07852B118E5EC7B0012CB76 /* blue.png in Resources */ = {isa = PBXBuildFile; fileRef = B07852B018E5EC7B0012CB76 /* blue.png */; };
		B07852B318E628A60012CB76 /* green.png in Resources */ = {isa = PBXBuildFile; fileRef = B07852B218E628A60012CB76 /* green.png */; };
		B07852B518E628B10012CB76 /* orange.png in Resources */ = {isa = PBXBuildFile; fileRef = B07852B418E628B10012CB76 /* orange.png */; };
		B07852B718E628B90012CB76 /* pink.png in Resources */ = {isa = PBXBuildFile; fileRef = B07852B618E628B90012CB76 /* pink.png */; };
		B07852BB18E628C40012CB76 /* purple.png in Resources */ = {isa = PBXBuildFile; fileRef = B07852B818E628C40012CB76 /* purple.png */; };
		B07852BC18E628C40012CB76 /* red.png in Resources */ = {isa = PBXBuildFile; fileRef = B07852B918E628C40012CB76 /* red.png */; };
		B07852BD18E628C40012CB76 /* yellow.png in Resources */ = {isa = PBXBuildFile; fileRef = B07852BA18E628C40012CB76 /* yellow.png */; };
/* End PBXBuildFile section */

/* Begin PBXContainerItemProxy section */
		B012B73418E483B500CBC901 /* PBXContainerItemProxy */ = {
			isa = PBXContainerItemProxy;
			containerPortal = B012B70618E483B400CBC901 /* Project object */;
			proxyType = 1;
			remoteGlobalIDString = B012B70D18E483B400CBC901;
			remoteInfo = CursoMovil;
		};
/* End PBXContainerItemProxy section */

/* Begin PBXFileReference section */
		3A27D156191A946D005A18CE /* fondo.jpg */ = {isa = PBXFileReference; lastKnownFileType = image.jpeg; path = fondo.jpg; sourceTree = "<group>"; };
		4504C9EA18FC7294005199DA /* ListaImagenesTableViewController.h */ = {isa = PBXFileReference; fileEncoding = 4; lastKnownFileType = sourcecode.c.h; path = ListaImagenesTableViewController.h; sourceTree = "<group>"; };
		4504C9EB18FC7294005199DA /* ListaImagenesTableViewController.m */ = {isa = PBXFileReference; fileEncoding = 4; lastKnownFileType = sourcecode.c.objc; path = ListaImagenesTableViewController.m; sourceTree = "<group>"; };
		4504C9EE18FC7A5E005199DA /* Modelo.xcdatamodel */ = {isa = PBXFileReference; lastKnownFileType = wrapper.xcdatamodel; path = Modelo.xcdatamodel; sourceTree = "<group>"; };
		4504C9F018FC7BBA005199DA /* Usuario.h */ = {isa = PBXFileReference; fileEncoding = 4; lastKnownFileType = sourcecode.c.h; path = Usuario.h; sourceTree = "<group>"; };
		4504C9F118FC7BBA005199DA /* Usuario.m */ = {isa = PBXFileReference; fileEncoding = 4; lastKnownFileType = sourcecode.c.objc; path = Usuario.m; sourceTree = "<group>"; };
		4504C9F318FC7BC9005199DA /* ManejoBD.h */ = {isa = PBXFileReference; fileEncoding = 4; lastKnownFileType = sourcecode.c.h; path = ManejoBD.h; sourceTree = "<group>"; };
		4504C9F418FC7BC9005199DA /* ManejoBD.m */ = {isa = PBXFileReference; fileEncoding = 4; lastKnownFileType = sourcecode.c.objc; path = ManejoBD.m; sourceTree = "<group>"; };
		450B9CC319033BED00D995E4 /* ListaVideosTableViewController.h */ = {isa = PBXFileReference; fileEncoding = 4; lastKnownFileType = sourcecode.c.h; path = ListaVideosTableViewController.h; sourceTree = "<group>"; };
		450B9CC419033BED00D995E4 /* ListaVideosTableViewController.m */ = {isa = PBXFileReference; fileEncoding = 4; lastKnownFileType = sourcecode.c.objc; path = ListaVideosTableViewController.m; sourceTree = "<group>"; };
		450B9CC619033C4B00D995E4 /* ListaConsejosTableViewController.h */ = {isa = PBXFileReference; fileEncoding = 4; lastKnownFileType = sourcecode.c.h; path = ListaConsejosTableViewController.h; sourceTree = "<group>"; };
		450B9CC719033C4B00D995E4 /* ListaConsejosTableViewController.m */ = {isa = PBXFileReference; fileEncoding = 4; lastKnownFileType = sourcecode.c.objc; path = ListaConsejosTableViewController.m; sourceTree = "<group>"; };
		4583002518EBE4A300D1EA19 /* CanvasViewController.h */ = {isa = PBXFileReference; fileEncoding = 4; lastKnownFileType = sourcecode.c.h; path = CanvasViewController.h; sourceTree = "<group>"; };
		4583002618EBE4A300D1EA19 /* CanvasViewController.m */ = {isa = PBXFileReference; fileEncoding = 4; lastKnownFileType = sourcecode.c.objc; path = CanvasViewController.m; sourceTree = "<group>"; };
		458778DA18E650D900172D6D /* MenuViewController.h */ = {isa = PBXFileReference; fileEncoding = 4; lastKnownFileType = sourcecode.c.h; path = MenuViewController.h; sourceTree = "<group>"; };
		458778DB18E650D900172D6D /* MenuViewController.m */ = {isa = PBXFileReference; fileEncoding = 4; lastKnownFileType = sourcecode.c.objc; path = MenuViewController.m; sourceTree = "<group>"; };
		458778DE18E6514300172D6D /* MedallasViewController.h */ = {isa = PBXFileReference; fileEncoding = 4; lastKnownFileType = sourcecode.c.h; path = MedallasViewController.h; sourceTree = "<group>"; };
		458778DF18E6514300172D6D /* MedallasViewController.m */ = {isa = PBXFileReference; fileEncoding = 4; lastKnownFileType = sourcecode.c.objc; path = MedallasViewController.m; sourceTree = "<group>"; };
		458778E118E6514D00172D6D /* PatrocinadoresViewController.h */ = {isa = PBXFileReference; fileEncoding = 4; lastKnownFileType = sourcecode.c.h; path = PatrocinadoresViewController.h; sourceTree = "<group>"; };
		458778E218E6514D00172D6D /* PatrocinadoresViewController.m */ = {isa = PBXFileReference; fileEncoding = 4; lastKnownFileType = sourcecode.c.objc; path = PatrocinadoresViewController.m; sourceTree = "<group>"; };
		458778E418E6515500172D6D /* ConsejosViewController.h */ = {isa = PBXFileReference; fileEncoding = 4; lastKnownFileType = sourcecode.c.h; path = ConsejosViewController.h; sourceTree = "<group>"; };
		458778E518E6515600172D6D /* ConsejosViewController.m */ = {isa = PBXFileReference; fileEncoding = 4; lastKnownFileType = sourcecode.c.objc; path = ConsejosViewController.m; sourceTree = "<group>"; };
		458778E718E6515D00172D6D /* VideosViewController.h */ = {isa = PBXFileReference; fileEncoding = 4; lastKnownFileType = sourcecode.c.h; path = VideosViewController.h; sourceTree = "<group>"; };
		458778E818E6515D00172D6D /* VideosViewController.m */ = {isa = PBXFileReference; fileEncoding = 4; lastKnownFileType = sourcecode.c.objc; path = VideosViewController.m; sourceTree = "<group>"; };
		458778F218E651DF00172D6D /* ActividadesViewController.h */ = {isa = PBXFileReference; fileEncoding = 4; lastKnownFileType = sourcecode.c.h; path = ActividadesViewController.h; sourceTree = "<group>"; };
		458778F318E651DF00172D6D /* ActividadesViewController.m */ = {isa = PBXFileReference; fileEncoding = 4; lastKnownFileType = sourcecode.c.objc; path = ActividadesViewController.m; sourceTree = "<group>"; };
		458778F618E658E500172D6D /* white.png */ = {isa = PBXFileReference; lastKnownFileType = image.png; path = white.png; sourceTree = "<group>"; };
		458778F818E658FA00172D6D /* m-01.png */ = {isa = PBXFileReference; lastKnownFileType = image.png; path = "m-01.png"; sourceTree = "<group>"; };
		458778FA18E6593D00172D6D /* canvas.png */ = {isa = PBXFileReference; lastKnownFileType = image.png; path = canvas.png; sourceTree = "<group>"; };
		458778FE18E65BF100172D6D /* logo.png */ = {isa = PBXFileReference; lastKnownFileType = image.png; path = logo.png; sourceTree = "<group>"; };
		4587790018E65C3400172D6D /* grass.png */ = {isa = PBXFileReference; lastKnownFileType = image.png; path = grass.png; sourceTree = "<group>"; };
		4587790218E65D1000172D6D /* sponsors.png */ = {isa = PBXFileReference; lastKnownFileType = image.png; path = sponsors.png; sourceTree = "<group>"; };
		4587790418E6676A00172D6D /* sponsors_icon.png */ = {isa = PBXFileReference; lastKnownFileType = image.png; path = sponsors_icon.png; sourceTree = "<group>"; };
		459745B3191704AF007E57C5 /* mono_renovables.png */ = {isa = PBXFileReference; lastKnownFileType = image.png; path = mono_renovables.png; sourceTree = "<group>"; };
		459745B619170777007E57C5 /* fondo_renovables.png */ = {isa = PBXFileReference; lastKnownFileType = image.png; path = fondo_renovables.png; sourceTree = "<group>"; };
		459745B819174154007E57C5 /* fondo_agua.jpg */ = {isa = PBXFileReference; lastKnownFileType = image.jpeg; path = fondo_agua.jpg; sourceTree = "<group>"; };
		459745B919174154007E57C5 /* fondo_reciclaje.jpg */ = {isa = PBXFileReference; lastKnownFileType = image.jpeg; path = fondo_reciclaje.jpg; sourceTree = "<group>"; };
		459745BA19174154007E57C5 /* fondo_biodiversidad.png */ = {isa = PBXFileReference; lastKnownFileType = image.png; path = fondo_biodiversidad.png; sourceTree = "<group>"; };
		45BE90EC19184C09003FD6A9 /* MediaPlayer.framework */ = {isa = PBXFileReference; lastKnownFileType = wrapper.framework; name = MediaPlayer.framework; path = System/Library/Frameworks/MediaPlayer.framework; sourceTree = SDKROOT; };
		45BE90EE19184C68003FD6A9 /* AVFoundation.framework */ = {isa = PBXFileReference; lastKnownFileType = wrapper.framework; name = AVFoundation.framework; path = System/Library/Frameworks/AVFoundation.framework; sourceTree = SDKROOT; };
		45BE90F319186525003FD6A9 /* back_music.mp3 */ = {isa = PBXFileReference; lastKnownFileType = audio.mp3; path = back_music.mp3; sourceTree = "<group>"; };
		45D3C3D61905E75B00D75D37 /* Social.framework */ = {isa = PBXFileReference; lastKnownFileType = wrapper.framework; name = Social.framework; path = System/Library/Frameworks/Social.framework; sourceTree = SDKROOT; };
		45E379091915654A002F0DAD /* facebook30.png */ = {isa = PBXFileReference; lastKnownFileType = image.png; path = facebook30.png; sourceTree = "<group>"; };
		45E3790B1915663D002F0DAD /* twitter30.png */ = {isa = PBXFileReference; lastKnownFileType = image.png; path = twitter30.png; sourceTree = "<group>"; };
		45E3790D19156641002F0DAD /* save30.png */ = {isa = PBXFileReference; lastKnownFileType = image.png; path = save30.png; sourceTree = "<group>"; };
		B012B70E18E483B400CBC901 /* CursoMovil.app */ = {isa = PBXFileReference; explicitFileType = wrapper.application; includeInIndex = 0; path = CursoMovil.app; sourceTree = BUILT_PRODUCTS_DIR; };
		B012B71118E483B400CBC901 /* Foundation.framework */ = {isa = PBXFileReference; lastKnownFileType = wrapper.framework; name = Foundation.framework; path = System/Library/Frameworks/Foundation.framework; sourceTree = SDKROOT; };
		B012B71318E483B400CBC901 /* CoreGraphics.framework */ = {isa = PBXFileReference; lastKnownFileType = wrapper.framework; name = CoreGraphics.framework; path = System/Library/Frameworks/CoreGraphics.framework; sourceTree = SDKROOT; };
		B012B71518E483B400CBC901 /* UIKit.framework */ = {isa = PBXFileReference; lastKnownFileType = wrapper.framework; name = UIKit.framework; path = System/Library/Frameworks/UIKit.framework; sourceTree = SDKROOT; };
		B012B71718E483B400CBC901 /* CoreData.framework */ = {isa = PBXFileReference; lastKnownFileType = wrapper.framework; name = CoreData.framework; path = System/Library/Frameworks/CoreData.framework; sourceTree = SDKROOT; };
		B012B71B18E483B400CBC901 /* CursoMovil-Info.plist */ = {isa = PBXFileReference; lastKnownFileType = text.plist.xml; path = "CursoMovil-Info.plist"; sourceTree = "<group>"; };
		B012B71D18E483B400CBC901 /* en */ = {isa = PBXFileReference; lastKnownFileType = text.plist.strings; name = en; path = en.lproj/InfoPlist.strings; sourceTree = "<group>"; };
		B012B71F18E483B400CBC901 /* main.m */ = {isa = PBXFileReference; lastKnownFileType = sourcecode.c.objc; path = main.m; sourceTree = "<group>"; };
		B012B72118E483B400CBC901 /* CursoMovil-Prefix.pch */ = {isa = PBXFileReference; lastKnownFileType = sourcecode.c.h; path = "CursoMovil-Prefix.pch"; sourceTree = "<group>"; };
		B012B72218E483B400CBC901 /* AppDelegate.h */ = {isa = PBXFileReference; lastKnownFileType = sourcecode.c.h; path = AppDelegate.h; sourceTree = "<group>"; };
		B012B72318E483B400CBC901 /* AppDelegate.m */ = {isa = PBXFileReference; lastKnownFileType = sourcecode.c.objc; path = AppDelegate.m; sourceTree = "<group>"; };
		B012B72818E483B400CBC901 /* Images.xcassets */ = {isa = PBXFileReference; lastKnownFileType = folder.assetcatalog; path = Images.xcassets; sourceTree = "<group>"; };
		B012B72E18E483B500CBC901 /* CursoMovilTests.xctest */ = {isa = PBXFileReference; explicitFileType = wrapper.cfbundle; includeInIndex = 0; path = CursoMovilTests.xctest; sourceTree = BUILT_PRODUCTS_DIR; };
		B012B72F18E483B500CBC901 /* XCTest.framework */ = {isa = PBXFileReference; lastKnownFileType = wrapper.framework; name = XCTest.framework; path = Library/Frameworks/XCTest.framework; sourceTree = DEVELOPER_DIR; };
		B012B73818E483B500CBC901 /* CursoMovilTests-Info.plist */ = {isa = PBXFileReference; lastKnownFileType = text.plist.xml; path = "CursoMovilTests-Info.plist"; sourceTree = "<group>"; };
		B012B73A18E483B500CBC901 /* en */ = {isa = PBXFileReference; lastKnownFileType = text.plist.strings; name = en; path = en.lproj/InfoPlist.strings; sourceTree = "<group>"; };
		B012B73C18E483B500CBC901 /* CursoMovilTests.m */ = {isa = PBXFileReference; lastKnownFileType = sourcecode.c.objc; path = CursoMovilTests.m; sourceTree = "<group>"; };
		B012B74818E520FF00CBC901 /* Main.storyboard */ = {isa = PBXFileReference; fileEncoding = 4; lastKnownFileType = file.storyboard; name = Main.storyboard; path = ../Main.storyboard; sourceTree = "<group>"; };
		B012B74A18E52DD400CBC901 /* m-02.png */ = {isa = PBXFileReference; lastKnownFileType = image.png; path = "m-02.png"; sourceTree = "<group>"; };
		B012B74B18E52DD400CBC901 /* m-03.png */ = {isa = PBXFileReference; lastKnownFileType = image.png; path = "m-03.png"; sourceTree = "<group>"; };
		B012B74C18E52DD400CBC901 /* m-04.png */ = {isa = PBXFileReference; lastKnownFileType = image.png; path = "m-04.png"; sourceTree = "<group>"; };
		B012B74D18E52DD400CBC901 /* m-05.png */ = {isa = PBXFileReference; lastKnownFileType = image.png; path = "m-05.png"; sourceTree = "<group>"; };
		B012B74E18E52DD400CBC901 /* m-06.png */ = {isa = PBXFileReference; lastKnownFileType = image.png; path = "m-06.png"; sourceTree = "<group>"; };
		B012B74F18E52DD400CBC901 /* m-08.png */ = {isa = PBXFileReference; lastKnownFileType = image.png; path = "m-08.png"; sourceTree = "<group>"; };
		B012B75018E52DD400CBC901 /* m-09.png */ = {isa = PBXFileReference; lastKnownFileType = image.png; path = "m-09.png"; sourceTree = "<group>"; };
		B012B75118E52DD400CBC901 /* m-10.png */ = {isa = PBXFileReference; lastKnownFileType = image.png; path = "m-10.png"; sourceTree = "<group>"; };
		B012B75218E52DD400CBC901 /* m-11.png */ = {isa = PBXFileReference; lastKnownFileType = image.png; path = "m-11.png"; sourceTree = "<group>"; };
		B012B75318E52DD400CBC901 /* m-12.png */ = {isa = PBXFileReference; lastKnownFileType = image.png; path = "m-12.png"; sourceTree = "<group>"; };
		B012B75418E52DD400CBC901 /* m-13.png */ = {isa = PBXFileReference; lastKnownFileType = image.png; path = "m-13.png"; sourceTree = "<group>"; };
		B012B76118E5352E00CBC901 /* m-07.png */ = {isa = PBXFileReference; lastKnownFileType = image.png; path = "m-07.png"; sourceTree = "<group>"; };
		B07852B018E5EC7B0012CB76 /* blue.png */ = {isa = PBXFileReference; lastKnownFileType = image.png; path = blue.png; sourceTree = "<group>"; };
		B07852B218E628A60012CB76 /* green.png */ = {isa = PBXFileReference; lastKnownFileType = image.png; path = green.png; sourceTree = "<group>"; };
		B07852B418E628B10012CB76 /* orange.png */ = {isa = PBXFileReference; lastKnownFileType = image.png; path = orange.png; sourceTree = "<group>"; };
		B07852B618E628B90012CB76 /* pink.png */ = {isa = PBXFileReference; lastKnownFileType = image.png; path = pink.png; sourceTree = "<group>"; };
		B07852B818E628C40012CB76 /* purple.png */ = {isa = PBXFileReference; lastKnownFileType = image.png; path = purple.png; sourceTree = "<group>"; };
		B07852B918E628C40012CB76 /* red.png */ = {isa = PBXFileReference; lastKnownFileType = image.png; path = red.png; sourceTree = "<group>"; };
		B07852BA18E628C40012CB76 /* yellow.png */ = {isa = PBXFileReference; lastKnownFileType = image.png; path = yellow.png; sourceTree = "<group>"; };
/* End PBXFileReference section */

/* Begin PBXFrameworksBuildPhase section */
		B012B70B18E483B400CBC901 /* Frameworks */ = {
			isa = PBXFrameworksBuildPhase;
			buildActionMask = 2147483647;
			files = (
				45BE90EF19184C68003FD6A9 /* AVFoundation.framework in Frameworks */,
				45BE90ED19184C09003FD6A9 /* MediaPlayer.framework in Frameworks */,
				45D3C3D71905E75B00D75D37 /* Social.framework in Frameworks */,
				B012B71418E483B400CBC901 /* CoreGraphics.framework in Frameworks */,
				B012B71818E483B400CBC901 /* CoreData.framework in Frameworks */,
				B012B71618E483B400CBC901 /* UIKit.framework in Frameworks */,
				B012B71218E483B400CBC901 /* Foundation.framework in Frameworks */,
			);
			runOnlyForDeploymentPostprocessing = 0;
		};
		B012B72B18E483B500CBC901 /* Frameworks */ = {
			isa = PBXFrameworksBuildPhase;
			buildActionMask = 2147483647;
			files = (
				B012B73018E483B500CBC901 /* XCTest.framework in Frameworks */,
				B012B73318E483B500CBC901 /* CoreData.framework in Frameworks */,
				B012B73218E483B500CBC901 /* UIKit.framework in Frameworks */,
				B012B73118E483B500CBC901 /* Foundation.framework in Frameworks */,
			);
			runOnlyForDeploymentPostprocessing = 0;
		};
/* End PBXFrameworksBuildPhase section */

/* Begin PBXGroup section */
		4504C9F618FC7BCE005199DA /* Manejo BD */ = {
			isa = PBXGroup;
			children = (
				4504C9ED18FC7A5E005199DA /* Modelo.xcdatamodeld */,
				4504C9F318FC7BC9005199DA /* ManejoBD.h */,
				4504C9F418FC7BC9005199DA /* ManejoBD.m */,
				4504C9F018FC7BBA005199DA /* Usuario.h */,
				4504C9F118FC7BBA005199DA /* Usuario.m */,
			);
			name = "Manejo BD";
			sourceTree = "<group>";
		};
		458778DD18E650DF00172D6D /* Menu */ = {
			isa = PBXGroup;
			children = (
				458778DA18E650D900172D6D /* MenuViewController.h */,
				458778DB18E650D900172D6D /* MenuViewController.m */,
			);
			name = Menu;
			sourceTree = "<group>";
		};
		458778ED18E6516C00172D6D /* Medallas */ = {
			isa = PBXGroup;
			children = (
				458778DE18E6514300172D6D /* MedallasViewController.h */,
				458778DF18E6514300172D6D /* MedallasViewController.m */,
			);
			name = Medallas;
			sourceTree = "<group>";
		};
		458778EE18E6517200172D6D /* Patrocinadores */ = {
			isa = PBXGroup;
			children = (
				458778E118E6514D00172D6D /* PatrocinadoresViewController.h */,
				458778E218E6514D00172D6D /* PatrocinadoresViewController.m */,
			);
			name = Patrocinadores;
			sourceTree = "<group>";
		};
		458778EF18E6517800172D6D /* Consejos */ = {
			isa = PBXGroup;
			children = (
				450B9CC619033C4B00D995E4 /* ListaConsejosTableViewController.h */,
				450B9CC719033C4B00D995E4 /* ListaConsejosTableViewController.m */,
				458778E418E6515500172D6D /* ConsejosViewController.h */,
				458778E518E6515600172D6D /* ConsejosViewController.m */,
			);
			name = Consejos;
			sourceTree = "<group>";
		};
		458778F018E6517D00172D6D /* Videos */ = {
			isa = PBXGroup;
			children = (
				450B9CC319033BED00D995E4 /* ListaVideosTableViewController.h */,
				450B9CC419033BED00D995E4 /* ListaVideosTableViewController.m */,
				458778E718E6515D00172D6D /* VideosViewController.h */,
				458778E818E6515D00172D6D /* VideosViewController.m */,
			);
			name = Videos;
			sourceTree = "<group>";
		};
		458778F118E6518200172D6D /* Pintar */ = {
			isa = PBXGroup;
			children = (
				4504C9EA18FC7294005199DA /* ListaImagenesTableViewController.h */,
				4504C9EB18FC7294005199DA /* ListaImagenesTableViewController.m */,
				4583002518EBE4A300D1EA19 /* CanvasViewController.h */,
				4583002618EBE4A300D1EA19 /* CanvasViewController.m */,
			);
			name = Pintar;
			sourceTree = "<group>";
		};
		458778F518E651E100172D6D /* Actividades */ = {
			isa = PBXGroup;
			children = (
				458778F218E651DF00172D6D /* ActividadesViewController.h */,
				458778F318E651DF00172D6D /* ActividadesViewController.m */,
			);
			name = Actividades;
			sourceTree = "<group>";
		};
		459745B219170498007E57C5 /* Personajes */ = {
			isa = PBXGroup;
			children = (
				459745B3191704AF007E57C5 /* mono_renovables.png */,
			);
			name = Personajes;
			sourceTree = "<group>";
		};
		459745B519170756007E57C5 /* Fondos Temas */ = {
			isa = PBXGroup;
			children = (
				459745B819174154007E57C5 /* fondo_agua.jpg */,
				459745B919174154007E57C5 /* fondo_reciclaje.jpg */,
				459745BA19174154007E57C5 /* fondo_biodiversidad.png */,
				459745B619170777007E57C5 /* fondo_renovables.png */,
			);
			name = "Fondos Temas";
			sourceTree = "<group>";
		};
		45BE90F01918648D003FD6A9 /* Musica Fondo */ = {
			isa = PBXGroup;
			children = (
				45BE90F319186525003FD6A9 /* back_music.mp3 */,
			);
			name = "Musica Fondo";
			sourceTree = "<group>";
		};
		45E379031915638A002F0DAD /* Trofeos y medallas */ = {
			isa = PBXGroup;
			children = (
				458778F818E658FA00172D6D /* m-01.png */,
				B012B75018E52DD400CBC901 /* m-09.png */,
				B012B75118E52DD400CBC901 /* m-10.png */,
				B012B75218E52DD400CBC901 /* m-11.png */,
				B012B75318E52DD400CBC901 /* m-12.png */,
				B012B75418E52DD400CBC901 /* m-13.png */,
			);
			name = "Trofeos y medallas";
			sourceTree = "<group>";
		};
		45E37904191563B4002F0DAD /* Menus */ = {
			isa = PBXGroup;
			children = (
				B012B76118E5352E00CBC901 /* m-07.png */,
				B012B74A18E52DD400CBC901 /* m-02.png */,
				B012B74B18E52DD400CBC901 /* m-03.png */,
				B012B74C18E52DD400CBC901 /* m-04.png */,
				B012B74D18E52DD400CBC901 /* m-05.png */,
				B012B74E18E52DD400CBC901 /* m-06.png */,
				B012B74F18E52DD400CBC901 /* m-08.png */,
			);
			name = Menus;
			sourceTree = "<group>";
		};
		B012B70518E483B400CBC901 = {
			isa = PBXGroup;
			children = (
				B012B71918E483B400CBC901 /* CursoMovil */,
				B012B73618E483B500CBC901 /* CursoMovilTests */,
				B012B71018E483B400CBC901 /* Frameworks */,
				B012B70F18E483B400CBC901 /* Products */,
			);
			sourceTree = "<group>";
		};
		B012B70F18E483B400CBC901 /* Products */ = {
			isa = PBXGroup;
			children = (
				B012B70E18E483B400CBC901 /* CursoMovil.app */,
				B012B72E18E483B500CBC901 /* CursoMovilTests.xctest */,
			);
			name = Products;
			sourceTree = "<group>";
		};
		B012B71018E483B400CBC901 /* Frameworks */ = {
			isa = PBXGroup;
			children = (
				45BE90EE19184C68003FD6A9 /* AVFoundation.framework */,
				45BE90EC19184C09003FD6A9 /* MediaPlayer.framework */,
				45D3C3D61905E75B00D75D37 /* Social.framework */,
				B012B71118E483B400CBC901 /* Foundation.framework */,
				B012B71318E483B400CBC901 /* CoreGraphics.framework */,
				B012B71518E483B400CBC901 /* UIKit.framework */,
				B012B71718E483B400CBC901 /* CoreData.framework */,
				B012B72F18E483B500CBC901 /* XCTest.framework */,
			);
			name = Frameworks;
			sourceTree = "<group>";
		};
		B012B71918E483B400CBC901 /* CursoMovil */ = {
			isa = PBXGroup;
			children = (
				B012B74818E520FF00CBC901 /* Main.storyboard */,
				B012B72218E483B400CBC901 /* AppDelegate.h */,
				B012B72318E483B400CBC901 /* AppDelegate.m */,
				4504C9F618FC7BCE005199DA /* Manejo BD */,
				458778DD18E650DF00172D6D /* Menu */,
				458778ED18E6516C00172D6D /* Medallas */,
				458778EE18E6517200172D6D /* Patrocinadores */,
				458778F518E651E100172D6D /* Actividades */,
				458778EF18E6517800172D6D /* Consejos */,
				458778F018E6517D00172D6D /* Videos */,
				458778F118E6518200172D6D /* Pintar */,
				B012B72818E483B400CBC901 /* Images.xcassets */,
				B012B76018E52DDE00CBC901 /* Imagenes */,
				B07852BE18E628D10012CB76 /* pinturasImag */,
				45BE90F01918648D003FD6A9 /* Musica Fondo */,
				B012B71A18E483B400CBC901 /* Supporting Files */,
			);
			path = CursoMovil;
			sourceTree = "<group>";
		};
		B012B71A18E483B400CBC901 /* Supporting Files */ = {
			isa = PBXGroup;
			children = (
				B012B71B18E483B400CBC901 /* CursoMovil-Info.plist */,
				B012B71C18E483B400CBC901 /* InfoPlist.strings */,
				B012B71F18E483B400CBC901 /* main.m */,
				B012B72118E483B400CBC901 /* CursoMovil-Prefix.pch */,
			);
			name = "Supporting Files";
			sourceTree = "<group>";
		};
		B012B73618E483B500CBC901 /* CursoMovilTests */ = {
			isa = PBXGroup;
			children = (
				B012B73C18E483B500CBC901 /* CursoMovilTests.m */,
				B012B73718E483B500CBC901 /* Supporting Files */,
			);
			path = CursoMovilTests;
			sourceTree = "<group>";
		};
		B012B73718E483B500CBC901 /* Supporting Files */ = {
			isa = PBXGroup;
			children = (
				B012B73818E483B500CBC901 /* CursoMovilTests-Info.plist */,
				B012B73918E483B500CBC901 /* InfoPlist.strings */,
			);
			name = "Supporting Files";
			sourceTree = "<group>";
		};
		B012B76018E52DDE00CBC901 /* Imagenes */ = {
			isa = PBXGroup;
			children = (
				3A27D156191A946D005A18CE /* fondo.jpg */,
				45E3790D19156641002F0DAD /* save30.png */,
				45E3790B1915663D002F0DAD /* twitter30.png */,
				45E379091915654A002F0DAD /* facebook30.png */,
				4587790418E6676A00172D6D /* sponsors_icon.png */,
				4587790218E65D1000172D6D /* sponsors.png */,
				4587790018E65C3400172D6D /* grass.png */,
				458778FE18E65BF100172D6D /* logo.png */,
				459745B519170756007E57C5 /* Fondos Temas */,
				459745B219170498007E57C5 /* Personajes */,
				45E37904191563B4002F0DAD /* Menus */,
				45E379031915638A002F0DAD /* Trofeos y medallas */,
			);
			name = Imagenes;
			sourceTree = "<group>";
		};
		B07852BE18E628D10012CB76 /* pinturasImag */ = {
			isa = PBXGroup;
			children = (
				458778FA18E6593D00172D6D /* canvas.png */,
				458778F618E658E500172D6D /* white.png */,
				B07852B018E5EC7B0012CB76 /* blue.png */,
				B07852B218E628A60012CB76 /* green.png */,
				B07852B818E628C40012CB76 /* purple.png */,
				B07852B918E628C40012CB76 /* red.png */,
				B07852BA18E628C40012CB76 /* yellow.png */,
				B07852B618E628B90012CB76 /* pink.png */,
				B07852B418E628B10012CB76 /* orange.png */,
			);
			name = pinturasImag;
			sourceTree = "<group>";
		};
/* End PBXGroup section */

/* Begin PBXNativeTarget section */
		B012B70D18E483B400CBC901 /* CursoMovil */ = {
			isa = PBXNativeTarget;
			buildConfigurationList = B012B74018E483B500CBC901 /* Build configuration list for PBXNativeTarget "CursoMovil" */;
			buildPhases = (
				B012B70A18E483B400CBC901 /* Sources */,
				B012B70B18E483B400CBC901 /* Frameworks */,
				B012B70C18E483B400CBC901 /* Resources */,
			);
			buildRules = (
			);
			dependencies = (
			);
			name = CursoMovil;
			productName = CursoMovil;
			productReference = B012B70E18E483B400CBC901 /* CursoMovil.app */;
			productType = "com.apple.product-type.application";
		};
		B012B72D18E483B500CBC901 /* CursoMovilTests */ = {
			isa = PBXNativeTarget;
			buildConfigurationList = B012B74318E483B500CBC901 /* Build configuration list for PBXNativeTarget "CursoMovilTests" */;
			buildPhases = (
				B012B72A18E483B500CBC901 /* Sources */,
				B012B72B18E483B500CBC901 /* Frameworks */,
				B012B72C18E483B500CBC901 /* Resources */,
			);
			buildRules = (
			);
			dependencies = (
				B012B73518E483B500CBC901 /* PBXTargetDependency */,
			);
			name = CursoMovilTests;
			productName = CursoMovilTests;
			productReference = B012B72E18E483B500CBC901 /* CursoMovilTests.xctest */;
			productType = "com.apple.product-type.bundle.unit-test";
		};
/* End PBXNativeTarget section */

/* Begin PBXProject section */
		B012B70618E483B400CBC901 /* Project object */ = {
			isa = PBXProject;
			attributes = {
				LastUpgradeCheck = 0510;
				ORGANIZATIONNAME = ITESM;
				TargetAttributes = {
					B012B72D18E483B500CBC901 = {
						TestTargetID = B012B70D18E483B400CBC901;
					};
				};
			};
			buildConfigurationList = B012B70918E483B400CBC901 /* Build configuration list for PBXProject "CursoMovil" */;
			compatibilityVersion = "Xcode 3.2";
			developmentRegion = English;
			hasScannedForEncodings = 0;
			knownRegions = (
				en,
			);
			mainGroup = B012B70518E483B400CBC901;
			productRefGroup = B012B70F18E483B400CBC901 /* Products */;
			projectDirPath = "";
			projectRoot = "";
			targets = (
				B012B70D18E483B400CBC901 /* CursoMovil */,
				B012B72D18E483B500CBC901 /* CursoMovilTests */,
			);
		};
/* End PBXProject section */

/* Begin PBXResourcesBuildPhase section */
		B012B70C18E483B400CBC901 /* Resources */ = {
			isa = PBXResourcesBuildPhase;
			buildActionMask = 2147483647;
			files = (
				459745BB19174154007E57C5 /* fondo_agua.jpg in Resources */,
				4587790118E65C3400172D6D /* grass.png in Resources */,
				45E3790E19156641002F0DAD /* save30.png in Resources */,
				B012B75E18E52DD400CBC901 /* m-12.png in Resources */,
				45BE90F419186525003FD6A9 /* back_music.mp3 in Resources */,
				B012B71E18E483B400CBC901 /* InfoPlist.strings in Resources */,
				458778FF18E65BF100172D6D /* logo.png in Resources */,
				B012B75618E52DD400CBC901 /* m-03.png in Resources */,
				B07852B118E5EC7B0012CB76 /* blue.png in Resources */,
				B012B75A18E52DD400CBC901 /* m-08.png in Resources */,
				458778F718E658E500172D6D /* white.png in Resources */,
				45E3790A1915654A002F0DAD /* facebook30.png in Resources */,
				4587790318E65D1000172D6D /* sponsors.png in Resources */,
				459745BC19174154007E57C5 /* fondo_reciclaje.jpg in Resources */,
				459745B4191704AF007E57C5 /* mono_renovables.png in Resources */,
				B012B72918E483B400CBC901 /* Images.xcassets in Resources */,
				B012B75C18E52DD400CBC901 /* m-10.png in Resources */,
				B012B75918E52DD400CBC901 /* m-06.png in Resources */,
				B012B74918E520FF00CBC901 /* Main.storyboard in Resources */,
				B07852BD18E628C40012CB76 /* yellow.png in Resources */,
				458778F918E658FA00172D6D /* m-01.png in Resources */,
				459745BD19174154007E57C5 /* fondo_biodiversidad.png in Resources */,
				B012B75B18E52DD400CBC901 /* m-09.png in Resources */,
				B012B75518E52DD400CBC901 /* m-02.png in Resources */,
				3A27D157191A946D005A18CE /* fondo.jpg in Resources */,
				4587790518E6676A00172D6D /* sponsors_icon.png in Resources */,
				B012B75718E52DD400CBC901 /* m-04.png in Resources */,
				B07852B718E628B90012CB76 /* pink.png in Resources */,
				B012B76218E5352E00CBC901 /* m-07.png in Resources */,
				45E3790C1915663D002F0DAD /* twitter30.png in Resources */,
				B012B75F18E52DD400CBC901 /* m-13.png in Resources */,
				459745B719170777007E57C5 /* fondo_renovables.png in Resources */,
				B07852B318E628A60012CB76 /* green.png in Resources */,
				B012B75818E52DD400CBC901 /* m-05.png in Resources */,
				B07852BB18E628C40012CB76 /* purple.png in Resources */,
				B07852BC18E628C40012CB76 /* red.png in Resources */,
				B012B75D18E52DD400CBC901 /* m-11.png in Resources */,
				458778FB18E6593D00172D6D /* canvas.png in Resources */,
				B07852B518E628B10012CB76 /* orange.png in Resources */,
			);
			runOnlyForDeploymentPostprocessing = 0;
		};
		B012B72C18E483B500CBC901 /* Resources */ = {
			isa = PBXResourcesBuildPhase;
			buildActionMask = 2147483647;
			files = (
				B012B73B18E483B500CBC901 /* InfoPlist.strings in Resources */,
			);
			runOnlyForDeploymentPostprocessing = 0;
		};
/* End PBXResourcesBuildPhase section */

/* Begin PBXSourcesBuildPhase section */
		B012B70A18E483B400CBC901 /* Sources */ = {
			isa = PBXSourcesBuildPhase;
			buildActionMask = 2147483647;
			files = (
				B012B72418E483B400CBC901 /* AppDelegate.m in Sources */,
				4583002718EBE4A300D1EA19 /* CanvasViewController.m in Sources */,
				4504C9EF18FC7A5E005199DA /* Modelo.xcdatamodeld in Sources */,
				458778F418E651DF00172D6D /* ActividadesViewController.m in Sources */,
				4504C9F218FC7BBA005199DA /* Usuario.m in Sources */,
				458778E918E6515D00172D6D /* VideosViewController.m in Sources */,
				458778E018E6514300172D6D /* MedallasViewController.m in Sources */,
				B012B72018E483B400CBC901 /* main.m in Sources */,
				4504C9EC18FC7294005199DA /* ListaImagenesTableViewController.m in Sources */,
				458778E318E6514D00172D6D /* PatrocinadoresViewController.m in Sources */,
				458778E618E6515600172D6D /* ConsejosViewController.m in Sources */,
				458778DC18E650D900172D6D /* MenuViewController.m in Sources */,
				450B9CC519033BED00D995E4 /* ListaVideosTableViewController.m in Sources */,
				450B9CC819033C4B00D995E4 /* ListaConsejosTableViewController.m in Sources */,
				4504C9F518FC7BC9005199DA /* ManejoBD.m in Sources */,
			);
			runOnlyForDeploymentPostprocessing = 0;
		};
		B012B72A18E483B500CBC901 /* Sources */ = {
			isa = PBXSourcesBuildPhase;
			buildActionMask = 2147483647;
			files = (
				B012B73D18E483B500CBC901 /* CursoMovilTests.m in Sources */,
			);
			runOnlyForDeploymentPostprocessing = 0;
		};
/* End PBXSourcesBuildPhase section */

/* Begin PBXTargetDependency section */
		B012B73518E483B500CBC901 /* PBXTargetDependency */ = {
			isa = PBXTargetDependency;
			target = B012B70D18E483B400CBC901 /* CursoMovil */;
			targetProxy = B012B73418E483B500CBC901 /* PBXContainerItemProxy */;
		};
/* End PBXTargetDependency section */

/* Begin PBXVariantGroup section */
		B012B71C18E483B400CBC901 /* InfoPlist.strings */ = {
			isa = PBXVariantGroup;
			children = (
				B012B71D18E483B400CBC901 /* en */,
			);
			name = InfoPlist.strings;
			sourceTree = "<group>";
		};
		B012B73918E483B500CBC901 /* InfoPlist.strings */ = {
			isa = PBXVariantGroup;
			children = (
				B012B73A18E483B500CBC901 /* en */,
			);
			name = InfoPlist.strings;
			sourceTree = "<group>";
		};
/* End PBXVariantGroup section */

/* Begin XCBuildConfiguration section */
		B012B73E18E483B500CBC901 /* Debug */ = {
			isa = XCBuildConfiguration;
			buildSettings = {
				ALWAYS_SEARCH_USER_PATHS = NO;
				CLANG_CXX_LANGUAGE_STANDARD = "gnu++0x";
				CLANG_CXX_LIBRARY = "libc++";
				CLANG_ENABLE_MODULES = YES;
				CLANG_ENABLE_OBJC_ARC = YES;
				CLANG_WARN_BOOL_CONVERSION = YES;
				CLANG_WARN_CONSTANT_CONVERSION = YES;
				CLANG_WARN_DIRECT_OBJC_ISA_USAGE = YES_ERROR;
				CLANG_WARN_EMPTY_BODY = YES;
				CLANG_WARN_ENUM_CONVERSION = YES;
				CLANG_WARN_INT_CONVERSION = YES;
				CLANG_WARN_OBJC_ROOT_CLASS = YES_ERROR;
				CLANG_WARN__DUPLICATE_METHOD_MATCH = YES;
				"CODE_SIGN_IDENTITY[sdk=iphoneos*]" = "iPhone Developer";
				COPY_PHASE_STRIP = NO;
				GCC_C_LANGUAGE_STANDARD = gnu99;
				GCC_DYNAMIC_NO_PIC = NO;
				GCC_OPTIMIZATION_LEVEL = 0;
				GCC_PREPROCESSOR_DEFINITIONS = (
					"DEBUG=1",
					"$(inherited)",
				);
				GCC_SYMBOLS_PRIVATE_EXTERN = NO;
				GCC_WARN_64_TO_32_BIT_CONVERSION = YES;
				GCC_WARN_ABOUT_RETURN_TYPE = YES_ERROR;
				GCC_WARN_UNDECLARED_SELECTOR = YES;
				GCC_WARN_UNINITIALIZED_AUTOS = YES_AGGRESSIVE;
				GCC_WARN_UNUSED_FUNCTION = YES;
				GCC_WARN_UNUSED_VARIABLE = YES;
				IPHONEOS_DEPLOYMENT_TARGET = 7.1;
				ONLY_ACTIVE_ARCH = YES;
				SDKROOT = iphoneos;
				TARGETED_DEVICE_FAMILY = "1,2";
			};
			name = Debug;
		};
		B012B73F18E483B500CBC901 /* Release */ = {
			isa = XCBuildConfiguration;
			buildSettings = {
				ALWAYS_SEARCH_USER_PATHS = NO;
				CLANG_CXX_LANGUAGE_STANDARD = "gnu++0x";
				CLANG_CXX_LIBRARY = "libc++";
				CLANG_ENABLE_MODULES = YES;
				CLANG_ENABLE_OBJC_ARC = YES;
				CLANG_WARN_BOOL_CONVERSION = YES;
				CLANG_WARN_CONSTANT_CONVERSION = YES;
				CLANG_WARN_DIRECT_OBJC_ISA_USAGE = YES_ERROR;
				CLANG_WARN_EMPTY_BODY = YES;
				CLANG_WARN_ENUM_CONVERSION = YES;
				CLANG_WARN_INT_CONVERSION = YES;
				CLANG_WARN_OBJC_ROOT_CLASS = YES_ERROR;
				CLANG_WARN__DUPLICATE_METHOD_MATCH = YES;
				"CODE_SIGN_IDENTITY[sdk=iphoneos*]" = "iPhone Developer";
				COPY_PHASE_STRIP = YES;
				ENABLE_NS_ASSERTIONS = NO;
				GCC_C_LANGUAGE_STANDARD = gnu99;
				GCC_WARN_64_TO_32_BIT_CONVERSION = YES;
				GCC_WARN_ABOUT_RETURN_TYPE = YES_ERROR;
				GCC_WARN_UNDECLARED_SELECTOR = YES;
				GCC_WARN_UNINITIALIZED_AUTOS = YES_AGGRESSIVE;
				GCC_WARN_UNUSED_FUNCTION = YES;
				GCC_WARN_UNUSED_VARIABLE = YES;
				IPHONEOS_DEPLOYMENT_TARGET = 7.1;
				SDKROOT = iphoneos;
				TARGETED_DEVICE_FAMILY = "1,2";
				VALIDATE_PRODUCT = YES;
			};
			name = Release;
		};
		B012B74118E483B500CBC901 /* Debug */ = {
			isa = XCBuildConfiguration;
			buildSettings = {
				ASSETCATALOG_COMPILER_APPICON_NAME = AppIcon;
				ASSETCATALOG_COMPILER_LAUNCHIMAGE_NAME = LaunchImage;
				GCC_PRECOMPILE_PREFIX_HEADER = YES;
				GCC_PREFIX_HEADER = "CursoMovil/CursoMovil-Prefix.pch";
				INFOPLIST_FILE = "CursoMovil/CursoMovil-Info.plist";
				PRODUCT_NAME = "$(TARGET_NAME)";
				TARGETED_DEVICE_FAMILY = 2;
				WRAPPER_EXTENSION = app;
			};
			name = Debug;
		};
		B012B74218E483B500CBC901 /* Release */ = {
			isa = XCBuildConfiguration;
			buildSettings = {
				ASSETCATALOG_COMPILER_APPICON_NAME = AppIcon;
				ASSETCATALOG_COMPILER_LAUNCHIMAGE_NAME = LaunchImage;
				GCC_PRECOMPILE_PREFIX_HEADER = YES;
				GCC_PREFIX_HEADER = "CursoMovil/CursoMovil-Prefix.pch";
				INFOPLIST_FILE = "CursoMovil/CursoMovil-Info.plist";
				PRODUCT_NAME = "$(TARGET_NAME)";
				TARGETED_DEVICE_FAMILY = 2;
				WRAPPER_EXTENSION = app;
			};
			name = Release;
		};
		B012B74418E483B500CBC901 /* Debug */ = {
			isa = XCBuildConfiguration;
			buildSettings = {
				BUNDLE_LOADER = "$(BUILT_PRODUCTS_DIR)/CursoMovil.app/CursoMovil";
				FRAMEWORK_SEARCH_PATHS = (
					"$(SDKROOT)/Developer/Library/Frameworks",
					"$(inherited)",
					"$(DEVELOPER_FRAMEWORKS_DIR)",
				);
				GCC_PRECOMPILE_PREFIX_HEADER = YES;
				GCC_PREFIX_HEADER = "CursoMovil/CursoMovil-Prefix.pch";
				GCC_PREPROCESSOR_DEFINITIONS = (
					"DEBUG=1",
					"$(inherited)",
				);
				INFOPLIST_FILE = "CursoMovilTests/CursoMovilTests-Info.plist";
				PRODUCT_NAME = "$(TARGET_NAME)";
				TEST_HOST = "$(BUNDLE_LOADER)";
				WRAPPER_EXTENSION = xctest;
			};
			name = Debug;
		};
		B012B74518E483B500CBC901 /* Release */ = {
			isa = XCBuildConfiguration;
			buildSettings = {
				BUNDLE_LOADER = "$(BUILT_PRODUCTS_DIR)/CursoMovil.app/CursoMovil";
				FRAMEWORK_SEARCH_PATHS = (
					"$(SDKROOT)/Developer/Library/Frameworks",
					"$(inherited)",
					"$(DEVELOPER_FRAMEWORKS_DIR)",
				);
				GCC_PRECOMPILE_PREFIX_HEADER = YES;
				GCC_PREFIX_HEADER = "CursoMovil/CursoMovil-Prefix.pch";
				INFOPLIST_FILE = "CursoMovilTests/CursoMovilTests-Info.plist";
				PRODUCT_NAME = "$(TARGET_NAME)";
				TEST_HOST = "$(BUNDLE_LOADER)";
				WRAPPER_EXTENSION = xctest;
			};
			name = Release;
		};
/* End XCBuildConfiguration section */

/* Begin XCConfigurationList section */
		B012B70918E483B400CBC901 /* Build configuration list for PBXProject "CursoMovil" */ = {
			isa = XCConfigurationList;
			buildConfigurations = (
				B012B73E18E483B500CBC901 /* Debug */,
				B012B73F18E483B500CBC901 /* Release */,
			);
			defaultConfigurationIsVisible = 0;
			defaultConfigurationName = Release;
		};
		B012B74018E483B500CBC901 /* Build configuration list for PBXNativeTarget "CursoMovil" */ = {
			isa = XCConfigurationList;
			buildConfigurations = (
				B012B74118E483B500CBC901 /* Debug */,
				B012B74218E483B500CBC901 /* Release */,
			);
			defaultConfigurationIsVisible = 0;
			defaultConfigurationName = Release;
		};
		B012B74318E483B500CBC901 /* Build configuration list for PBXNativeTarget "CursoMovilTests" */ = {
			isa = XCConfigurationList;
			buildConfigurations = (
				B012B74418E483B500CBC901 /* Debug */,
				B012B74518E483B500CBC901 /* Release */,
			);
			defaultConfigurationIsVisible = 0;
			defaultConfigurationName = Release;
		};
/* End XCConfigurationList section */

/* Begin XCVersionGroup section */
		4504C9ED18FC7A5E005199DA /* Modelo.xcdatamodeld */ = {
			isa = XCVersionGroup;
			children = (
				4504C9EE18FC7A5E005199DA /* Modelo.xcdatamodel */,
			);
			currentVersion = 4504C9EE18FC7A5E005199DA /* Modelo.xcdatamodel */;
			path = Modelo.xcdatamodeld;
			sourceTree = "<group>";
			versionGroupType = wrapper.xcdatamodel;
		};
/* End XCVersionGroup section */
	};
	rootObject = B012B70618E483B400CBC901 /* Project object */;
}
